
Microsoft Visual Studio Solution File, Format Version 12.00
# Visual Studio 15
VisualStudioVersion = 15.0.28307.1259
MinimumVisualStudioVersion = 10.0.40219.1
Project("{8BC9CEB8-8B4A-11D0-8D11-00A0C91BC942}") = "FILL", "FILL\FILL.vcxproj", "{172D4F13-3577-4594-88DE-C37C73289004}"
EndProject
Global
	GlobalSection(SolutionConfigurationPlatforms) = preSolution
		Debug|x64 = Debug|x64
		Debug|x86 = Debug|x86
		Release|x64 = Release|x64
		Release|x86 = Release|x86
	EndGlobalSection
	GlobalSection(ProjectConfigurationPlatforms) = postSolution
		{172D4F13-3577-4594-88DE-C37C73289004}.Debug|x64.ActiveCfg = Debug|x64
		{172D4F13-3577-4594-88DE-C37C73289004}.Debug|x64.Build.0 = Debug|x64
		{172D4F13-3577-4594-88DE-C37C73289004}.Debug|x86.ActiveCfg = Debug|Win32
		{172D4F13-3577-4594-88DE-C37C73289004}.Debug|x86.Build.0 = Debug|Win32
		{172D4F13-3577-4594-88DE-C37C73289004}.Release|x64.ActiveCfg = Release|x64
		{172D4F13-3577-4594-88DE-C37C73289004}.Release|x64.Build.0 = Release|x64
		{172D4F13-3577-4594-88DE-C37C73289004}.Release|x86.ActiveCfg = Release|Win32
		{172D4F13-3577-4594-88DE-C37C73289004}.Release|x86.Build.0 = Release|Win32
	EndGlobalSection
	GlobalSection(SolutionProperties) = preSolution
		HideSolutionNode = FALSE
	EndGlobalSection
	GlobalSection(ExtensibilityGlobals) = postSolution
		SolutionGuid = {C89FD377-B7C1-46D2-9CC5-7053F1C3C2D5}
	EndGlobalSection
EndGlobal
