
Microsoft Visual Studio Solution File, Format Version 12.00
# Visual Studio 15
VisualStudioVersion = 15.0.28307.1340
MinimumVisualStudioVersion = 10.0.40219.1
Project("{8BC9CEB8-8B4A-11D0-8D11-00A0C91BC942}") = "Project1", "Project1\Project1.vcxproj", "{4D93B66A-FF44-4390-A678-120923FB8A85}"
EndProject
Global
	GlobalSection(SolutionConfigurationPlatforms) = preSolution
		Debug|x64 = Debug|x64
		Debug|x86 = Debug|x86
		Release|x64 = Release|x64
		Release|x86 = Release|x86
	EndGlobalSection
	GlobalSection(ProjectConfigurationPlatforms) = postSolution
		{4D93B66A-FF44-4390-A678-120923FB8A85}.Debug|x64.ActiveCfg = Debug|x64
		{4D93B66A-FF44-4390-A678-120923FB8A85}.Debug|x64.Build.0 = Debug|x64
		{4D93B66A-FF44-4390-A678-120923FB8A85}.Debug|x86.ActiveCfg = Debug|Win32
		{4D93B66A-FF44-4390-A678-120923FB8A85}.Debug|x86.Build.0 = Debug|Win32
		{4D93B66A-FF44-4390-A678-120923FB8A85}.Release|x64.ActiveCfg = Release|x64
		{4D93B66A-FF44-4390-A678-120923FB8A85}.Release|x64.Build.0 = Release|x64
		{4D93B66A-FF44-4390-A678-120923FB8A85}.Release|x86.ActiveCfg = Release|Win32
		{4D93B66A-FF44-4390-A678-120923FB8A85}.Release|x86.Build.0 = Release|Win32
	EndGlobalSection
	GlobalSection(SolutionProperties) = preSolution
		HideSolutionNode = FALSE
	EndGlobalSection
	GlobalSection(ExtensibilityGlobals) = postSolution
		SolutionGuid = {22C78F10-48A0-41CA-BE4E-EDC565FA8EF1}
	EndGlobalSection
EndGlobal
