
Microsoft Visual Studio Solution File, Format Version 12.00
# Visual Studio 15
VisualStudioVersion = 15.0.28307.1259
MinimumVisualStudioVersion = 10.0.40219.1
Project("{8BC9CEB8-8B4A-11D0-8D11-00A0C91BC942}") = "Problema1TPLab6", "Problema1TPLab6\Problema1TPLab6.vcxproj", "{251291BE-7306-4DFF-AD64-22CD42672357}"
EndProject
Global
	GlobalSection(SolutionConfigurationPlatforms) = preSolution
		Debug|x64 = Debug|x64
		Debug|x86 = Debug|x86
		Release|x64 = Release|x64
		Release|x86 = Release|x86
	EndGlobalSection
	GlobalSection(ProjectConfigurationPlatforms) = postSolution
		{251291BE-7306-4DFF-AD64-22CD42672357}.Debug|x64.ActiveCfg = Debug|x64
		{251291BE-7306-4DFF-AD64-22CD42672357}.Debug|x64.Build.0 = Debug|x64
		{251291BE-7306-4DFF-AD64-22CD42672357}.Debug|x86.ActiveCfg = Debug|Win32
		{251291BE-7306-4DFF-AD64-22CD42672357}.Debug|x86.Build.0 = Debug|Win32
		{251291BE-7306-4DFF-AD64-22CD42672357}.Release|x64.ActiveCfg = Release|x64
		{251291BE-7306-4DFF-AD64-22CD42672357}.Release|x64.Build.0 = Release|x64
		{251291BE-7306-4DFF-AD64-22CD42672357}.Release|x86.ActiveCfg = Release|Win32
		{251291BE-7306-4DFF-AD64-22CD42672357}.Release|x86.Build.0 = Release|Win32
	EndGlobalSection
	GlobalSection(SolutionProperties) = preSolution
		HideSolutionNode = FALSE
	EndGlobalSection
	GlobalSection(ExtensibilityGlobals) = postSolution
		SolutionGuid = {950FAB44-B33C-4432-B029-5B3075638591}
	EndGlobalSection
EndGlobal
