
Microsoft Visual Studio Solution File, Format Version 12.00
# Visual Studio 15
VisualStudioVersion = 15.0.28307.1259
MinimumVisualStudioVersion = 10.0.40219.1
Project("{8BC9CEB8-8B4A-11D0-8D11-00A0C91BC942}") = "Flags1", "Flags1\Flags1.vcxproj", "{D055D508-9B83-4DCC-8627-5DD29E5126B3}"
EndProject
Global
	GlobalSection(SolutionConfigurationPlatforms) = preSolution
		Debug|x64 = Debug|x64
		Debug|x86 = Debug|x86
		Release|x64 = Release|x64
		Release|x86 = Release|x86
	EndGlobalSection
	GlobalSection(ProjectConfigurationPlatforms) = postSolution
		{D055D508-9B83-4DCC-8627-5DD29E5126B3}.Debug|x64.ActiveCfg = Debug|x64
		{D055D508-9B83-4DCC-8627-5DD29E5126B3}.Debug|x64.Build.0 = Debug|x64
		{D055D508-9B83-4DCC-8627-5DD29E5126B3}.Debug|x86.ActiveCfg = Debug|Win32
		{D055D508-9B83-4DCC-8627-5DD29E5126B3}.Debug|x86.Build.0 = Debug|Win32
		{D055D508-9B83-4DCC-8627-5DD29E5126B3}.Release|x64.ActiveCfg = Release|x64
		{D055D508-9B83-4DCC-8627-5DD29E5126B3}.Release|x64.Build.0 = Release|x64
		{D055D508-9B83-4DCC-8627-5DD29E5126B3}.Release|x86.ActiveCfg = Release|Win32
		{D055D508-9B83-4DCC-8627-5DD29E5126B3}.Release|x86.Build.0 = Release|Win32
	EndGlobalSection
	GlobalSection(SolutionProperties) = preSolution
		HideSolutionNode = FALSE
	EndGlobalSection
	GlobalSection(ExtensibilityGlobals) = postSolution
		SolutionGuid = {A2E49CE1-F857-43EC-91CC-CDF6AADFDABB}
	EndGlobalSection
EndGlobal
